
Microsoft Visual Studio Solution File, Format Version 12.00
# Visual Studio 15
VisualStudioVersion = 15.0.28307.136
MinimumVisualStudioVersion = 10.0.40219.1
Project("{8BC9CEB8-8B4A-11D0-8D11-00A0C91BC942}") = "Minesweeper", "Minesweeper\Minesweeper.vcxproj", "{CB35240D-3E8E-49A6-91BA-96ADD4560ED4}"
EndProject
Global
	GlobalSection(SolutionConfigurationPlatforms) = preSolution
		Debug|x64 = Debug|x64
		Debug|x86 = Debug|x86
		Release|x64 = Release|x64
		Release|x86 = Release|x86
	EndGlobalSection
	GlobalSection(ProjectConfigurationPlatforms) = postSolution
		{CB35240D-3E8E-49A6-91BA-96ADD4560ED4}.Debug|x64.ActiveCfg = Debug|x64
		{CB35240D-3E8E-49A6-91BA-96ADD4560ED4}.Debug|x64.Build.0 = Debug|x64
		{CB35240D-3E8E-49A6-91BA-96ADD4560ED4}.Debug|x86.ActiveCfg = Debug|Win32
		{CB35240D-3E8E-49A6-91BA-96ADD4560ED4}.Debug|x86.Build.0 = Debug|Win32
		{CB35240D-3E8E-49A6-91BA-96ADD4560ED4}.Release|x64.ActiveCfg = Release|x64
		{CB35240D-3E8E-49A6-91BA-96ADD4560ED4}.Release|x64.Build.0 = Release|x64
		{CB35240D-3E8E-49A6-91BA-96ADD4560ED4}.Release|x86.ActiveCfg = Release|Win32
		{CB35240D-3E8E-49A6-91BA-96ADD4560ED4}.Release|x86.Build.0 = Release|Win32
	EndGlobalSection
	GlobalSection(SolutionProperties) = preSolution
		HideSolutionNode = FALSE
	EndGlobalSection
	GlobalSection(ExtensibilityGlobals) = postSolution
		SolutionGuid = {D362E8DD-8E04-4DCD-BC51-271D0F98AD7F}
	EndGlobalSection
EndGlobal
